<?xml version="1.0" encoding="utf-8"?>
<Project ToolsVersion="17.0" xmlns="http://schemas.microsoft.com/developer/msbuild/2003">
  <ItemGroup>
    <CustomBuild Include="C:\Users\User\Documents\GitHub\Bullet-gambit-build\LearnOpenGL-master-bin\CMakeFiles\5af2ae84205a9ea40034da7a12a72b02\generate.stamp.rule">
      <Filter>CMake Rules</Filter>
    </CustomBuild>
  </ItemGroup>
  <ItemGroup>
    <Filter Include="CMake Rules">
      <UniqueIdentifier>{CB61B054-90EE-3078-ABC4-0541C5EF2993}</UniqueIdentifier>
    </Filter>
  </ItemGroup>
</Project>
